
Microsoft Visual Studio Solution File, Format Version 12.00
# Visual Studio Version 17
VisualStudioVersion = 17.0.31903.59
MinimumVisualStudioVersion = 10.0.40219.1
Project("{9A19103F-16F7-4668-BE54-9A1E7A4F7556}") = "FlighPlanner", "..\FlightPlanner\FlightPlanner\FlighPlanner.csproj", "{60043200-8A39-428E-A454-214CF67E15D8}"
EndProject
Global
	GlobalSection(SolutionConfigurationPlatforms) = preSolution
		Debug|Any CPU = Debug|Any CPU
		Release|Any CPU = Release|Any CPU
	EndGlobalSection
	GlobalSection(ProjectConfigurationPlatforms) = postSolution
		{60043200-8A39-428E-A454-214CF67E15D8}.Debug|Any CPU.ActiveCfg = Debug|Any CPU
		{60043200-8A39-428E-A454-214CF67E15D8}.Debug|Any CPU.Build.0 = Debug|Any CPU
		{60043200-8A39-428E-A454-214CF67E15D8}.Release|Any CPU.ActiveCfg = Release|Any CPU
		{60043200-8A39-428E-A454-214CF67E15D8}.Release|Any CPU.Build.0 = Release|Any CPU
	EndGlobalSection
	GlobalSection(SolutionProperties) = preSolution
		HideSolutionNode = FALSE
	EndGlobalSection
	GlobalSection(ExtensibilityGlobals) = postSolution
		SolutionGuid = {DB3E3971-E6BB-4DBE-B144-18BD4FB71EFF}
	EndGlobalSection
EndGlobal
