
Microsoft Visual Studio Solution File, Format Version 12.00
# Visual Studio Version 17
VisualStudioVersion = 17.0.31903.59
MinimumVisualStudioVersion = 10.0.40219.1
Project("{9A19103F-16F7-4668-BE54-9A1E7A4F7556}") = "FlighPlanner", "..\..\FlightPlanner\FlighPlanner.csproj", "{F990F96C-4B29-479B-9887-39F6006BF535}"
EndProject
Global
	GlobalSection(SolutionConfigurationPlatforms) = preSolution
		Debug|Any CPU = Debug|Any CPU
		Release|Any CPU = Release|Any CPU
	EndGlobalSection
	GlobalSection(ProjectConfigurationPlatforms) = postSolution
		{F990F96C-4B29-479B-9887-39F6006BF535}.Debug|Any CPU.ActiveCfg = Debug|Any CPU
		{F990F96C-4B29-479B-9887-39F6006BF535}.Debug|Any CPU.Build.0 = Debug|Any CPU
		{F990F96C-4B29-479B-9887-39F6006BF535}.Release|Any CPU.ActiveCfg = Release|Any CPU
		{F990F96C-4B29-479B-9887-39F6006BF535}.Release|Any CPU.Build.0 = Release|Any CPU
	EndGlobalSection
	GlobalSection(SolutionProperties) = preSolution
		HideSolutionNode = FALSE
	EndGlobalSection
	GlobalSection(ExtensibilityGlobals) = postSolution
		SolutionGuid = {BF19E752-5BAE-4312-BF1C-FB30FDBD6654}
	EndGlobalSection
EndGlobal
